
Microsoft Visual Studio Solution File, Format Version 12.00
# Visual Studio 15
VisualStudioVersion = 15.0.28010.2050
MinimumVisualStudioVersion = 10.0.40219.1
Project("{2150E333-8FDC-42A3-9474-1A3956D46DE8}") = "Solution Items", "Solution Items", "{F9EA8E4F-5AC7-473A-9B43-4B54CA7C573D}"
	ProjectSection(SolutionItems) = preProject
		README.md = README.md
		SymSQLServer.sql = SymSQLServer.sql
		TextFile1.txt = TextFile1.txt
	EndProjectSection
EndProject
Project("{FAE04EC0-301F-11D3-BF4B-00C04F79EFBC}") = "SymmetricDS.Admin", "SymmetricDS.Admin\SymmetricDS.Admin.csproj", "{E7BC09C2-2497-4EE9-BE30-8CED783FEE45}"
EndProject
Global
	GlobalSection(SolutionConfigurationPlatforms) = preSolution
		Debug|Any CPU = Debug|Any CPU
		Debug|x86 = Debug|x86
		Release|Any CPU = Release|Any CPU
		Release|x86 = Release|x86
	EndGlobalSection
	GlobalSection(ProjectConfigurationPlatforms) = postSolution
		{E7BC09C2-2497-4EE9-BE30-8CED783FEE45}.Debug|Any CPU.ActiveCfg = Debug|Any CPU
		{E7BC09C2-2497-4EE9-BE30-8CED783FEE45}.Debug|Any CPU.Build.0 = Debug|Any CPU
		{E7BC09C2-2497-4EE9-BE30-8CED783FEE45}.Debug|x86.ActiveCfg = Debug|Any CPU
		{E7BC09C2-2497-4EE9-BE30-8CED783FEE45}.Debug|x86.Build.0 = Debug|Any CPU
		{E7BC09C2-2497-4EE9-BE30-8CED783FEE45}.Release|Any CPU.ActiveCfg = Release|Any CPU
		{E7BC09C2-2497-4EE9-BE30-8CED783FEE45}.Release|Any CPU.Build.0 = Release|Any CPU
		{E7BC09C2-2497-4EE9-BE30-8CED783FEE45}.Release|x86.ActiveCfg = Release|Any CPU
		{E7BC09C2-2497-4EE9-BE30-8CED783FEE45}.Release|x86.Build.0 = Release|Any CPU
	EndGlobalSection
	GlobalSection(SolutionProperties) = preSolution
		HideSolutionNode = FALSE
	EndGlobalSection
	GlobalSection(ExtensibilityGlobals) = postSolution
		SolutionGuid = {FAFEA0E4-0AB8-435A-9BD3-E9704FB5A2E9}
	EndGlobalSection
EndGlobal
