
Microsoft Visual Studio Solution File, Format Version 12.00
# Visual Studio 15
VisualStudioVersion = 15.0.28010.2050
MinimumVisualStudioVersion = 10.0.40219.1
Project("{FAE04EC0-301F-11D3-BF4B-00C04F79EFBC}") = "SymmetricDS.Admin", "SymmetricDS.Admin\SymmetricDS.Admin.csproj", "{98F675E1-275A-4408-BC2F-803A4D293B2D}"
EndProject
Project("{2150E333-8FDC-42A3-9474-1A3956D46DE8}") = "Solution Items", "Solution Items", "{F9EA8E4F-5AC7-473A-9B43-4B54CA7C573D}"
	ProjectSection(SolutionItems) = preProject
		README.md = README.md
		SymSQLServer.sql = SymSQLServer.sql
		TextFile1.txt = TextFile1.txt
	EndProjectSection
EndProject
Project("{FAE04EC0-301F-11D3-BF4B-00C04F79EFBC}") = "SymmetricDS.Admin.Tests", "SymmetricDS.Admin.Tests\SymmetricDS.Admin.Tests.csproj", "{10320E23-14F1-4729-8C81-E356690FFFD3}"
EndProject
Project("{9A19103F-16F7-4668-BE54-9A1E7A4F7556}") = "SymmetricDS.Admin.WebApplication", "SymmetricDS.Admin.WebApplication\SymmetricDS.Admin.WebApplication.csproj", "{E0D64C0D-C7F9-4E9C-AB57-08728DFACB67}"
EndProject
Project("{9A19103F-16F7-4668-BE54-9A1E7A4F7556}") = "SymmetricDS.Admin.ConsoleApp", "SymmetricDS.Admin.ConsoleApp\SymmetricDS.Admin.ConsoleApp.csproj", "{5ACBF70B-1525-4D2F-A0D7-6DFEF46AD962}"
EndProject
Global
	GlobalSection(SolutionConfigurationPlatforms) = preSolution
		Debug|Any CPU = Debug|Any CPU
		Debug|x86 = Debug|x86
		Release|Any CPU = Release|Any CPU
		Release|x86 = Release|x86
	EndGlobalSection
	GlobalSection(ProjectConfigurationPlatforms) = postSolution
		{98F675E1-275A-4408-BC2F-803A4D293B2D}.Debug|Any CPU.ActiveCfg = Debug|Any CPU
		{98F675E1-275A-4408-BC2F-803A4D293B2D}.Debug|Any CPU.Build.0 = Debug|Any CPU
		{98F675E1-275A-4408-BC2F-803A4D293B2D}.Debug|x86.ActiveCfg = Debug|Any CPU
		{98F675E1-275A-4408-BC2F-803A4D293B2D}.Debug|x86.Build.0 = Debug|Any CPU
		{98F675E1-275A-4408-BC2F-803A4D293B2D}.Release|Any CPU.ActiveCfg = Release|Any CPU
		{98F675E1-275A-4408-BC2F-803A4D293B2D}.Release|Any CPU.Build.0 = Release|Any CPU
		{98F675E1-275A-4408-BC2F-803A4D293B2D}.Release|x86.ActiveCfg = Release|Any CPU
		{98F675E1-275A-4408-BC2F-803A4D293B2D}.Release|x86.Build.0 = Release|Any CPU
		{10320E23-14F1-4729-8C81-E356690FFFD3}.Debug|Any CPU.ActiveCfg = Debug|Any CPU
		{10320E23-14F1-4729-8C81-E356690FFFD3}.Debug|Any CPU.Build.0 = Debug|Any CPU
		{10320E23-14F1-4729-8C81-E356690FFFD3}.Debug|x86.ActiveCfg = Debug|Any CPU
		{10320E23-14F1-4729-8C81-E356690FFFD3}.Debug|x86.Build.0 = Debug|Any CPU
		{10320E23-14F1-4729-8C81-E356690FFFD3}.Release|Any CPU.ActiveCfg = Release|Any CPU
		{10320E23-14F1-4729-8C81-E356690FFFD3}.Release|Any CPU.Build.0 = Release|Any CPU
		{10320E23-14F1-4729-8C81-E356690FFFD3}.Release|x86.ActiveCfg = Release|Any CPU
		{10320E23-14F1-4729-8C81-E356690FFFD3}.Release|x86.Build.0 = Release|Any CPU
		{E0D64C0D-C7F9-4E9C-AB57-08728DFACB67}.Debug|Any CPU.ActiveCfg = Debug|Any CPU
		{E0D64C0D-C7F9-4E9C-AB57-08728DFACB67}.Debug|Any CPU.Build.0 = Debug|Any CPU
		{E0D64C0D-C7F9-4E9C-AB57-08728DFACB67}.Debug|x86.ActiveCfg = Debug|Any CPU
		{E0D64C0D-C7F9-4E9C-AB57-08728DFACB67}.Debug|x86.Build.0 = Debug|Any CPU
		{E0D64C0D-C7F9-4E9C-AB57-08728DFACB67}.Release|Any CPU.ActiveCfg = Release|Any CPU
		{E0D64C0D-C7F9-4E9C-AB57-08728DFACB67}.Release|Any CPU.Build.0 = Release|Any CPU
		{E0D64C0D-C7F9-4E9C-AB57-08728DFACB67}.Release|x86.ActiveCfg = Release|Any CPU
		{E0D64C0D-C7F9-4E9C-AB57-08728DFACB67}.Release|x86.Build.0 = Release|Any CPU
		{5ACBF70B-1525-4D2F-A0D7-6DFEF46AD962}.Debug|Any CPU.ActiveCfg = Debug|Any CPU
		{5ACBF70B-1525-4D2F-A0D7-6DFEF46AD962}.Debug|Any CPU.Build.0 = Debug|Any CPU
		{5ACBF70B-1525-4D2F-A0D7-6DFEF46AD962}.Debug|x86.ActiveCfg = Debug|Any CPU
		{5ACBF70B-1525-4D2F-A0D7-6DFEF46AD962}.Debug|x86.Build.0 = Debug|Any CPU
		{5ACBF70B-1525-4D2F-A0D7-6DFEF46AD962}.Release|Any CPU.ActiveCfg = Release|Any CPU
		{5ACBF70B-1525-4D2F-A0D7-6DFEF46AD962}.Release|Any CPU.Build.0 = Release|Any CPU
		{5ACBF70B-1525-4D2F-A0D7-6DFEF46AD962}.Release|x86.ActiveCfg = Release|Any CPU
		{5ACBF70B-1525-4D2F-A0D7-6DFEF46AD962}.Release|x86.Build.0 = Release|Any CPU
	EndGlobalSection
	GlobalSection(SolutionProperties) = preSolution
		HideSolutionNode = FALSE
	EndGlobalSection
	GlobalSection(ExtensibilityGlobals) = postSolution
		SolutionGuid = {FAFEA0E4-0AB8-435A-9BD3-E9704FB5A2E9}
	EndGlobalSection
EndGlobal
