
Microsoft Visual Studio Solution File, Format Version 12.00
# Visual Studio 15
VisualStudioVersion = 15.0.28010.2050
MinimumVisualStudioVersion = 10.0.40219.1
Project("{2150E333-8FDC-42A3-9474-1A3956D46DE8}") = "Solution Items", "Solution Items", "{F9EA8E4F-5AC7-473A-9B43-4B54CA7C573D}"
	ProjectSection(SolutionItems) = preProject
		README.md = README.md
		SymPostgreSQL.sql = SymPostgreSQL.sql
		SymSQLServer.sql = SymSQLServer.sql
		TextFile1.txt = TextFile1.txt
	EndProjectSection
EndProject
Project("{9A19103F-16F7-4668-BE54-9A1E7A4F7556}") = "SymmetricDS.Admin", "SymmetricDS.Admin\SymmetricDS.Admin.csproj", "{E7BC09C2-2497-4EE9-BE30-8CED783FEE45}"
EndProject
Project("{9A19103F-16F7-4668-BE54-9A1E7A4F7556}") = "ShengtaiCore2x", "..\ClassLibrary\ShengtaiCore\ShengtaiCore2x.csproj", "{9686008E-B373-4C4E-A8A7-02BC86EB317E}"
EndProject
Project("{9A19103F-16F7-4668-BE54-9A1E7A4F7556}") = "SymmetricDS.Admin.WebApplication", "SymmetricDS.Admin.WebApplication\SymmetricDS.Admin.WebApplication.csproj", "{0EA6E0C3-89FB-4F5A-850C-E6C915308340}"
EndProject
Project("{9A19103F-16F7-4668-BE54-9A1E7A4F7556}") = "SymmetricDS.Admin.Data", "SymmetricDS.Admin.Data\SymmetricDS.Admin.Data.csproj", "{4334BAC5-F7FC-4B30-A37E-2476969D7CCB}"
EndProject
Project("{9A19103F-16F7-4668-BE54-9A1E7A4F7556}") = "SymmetricDS.Admin.ConsoleApp", "SymmetricDS.Admin.ConsoleApp\SymmetricDS.Admin.ConsoleApp.csproj", "{1DE07CF7-C04B-4992-B92C-7744C4188D44}"
EndProject
Project("{9A19103F-16F7-4668-BE54-9A1E7A4F7556}") = "SymmetricDS.Admin.Tests", "SymmetricDS.Admin.Tests\SymmetricDS.Admin.Tests.csproj", "{1F5E95CE-FB4A-4514-A06E-66D760065C5B}"
EndProject
Global
	GlobalSection(SolutionConfigurationPlatforms) = preSolution
		Debug|Any CPU = Debug|Any CPU
		Debug|x86 = Debug|x86
		Release|Any CPU = Release|Any CPU
		Release|x86 = Release|x86
	EndGlobalSection
	GlobalSection(ProjectConfigurationPlatforms) = postSolution
		{E7BC09C2-2497-4EE9-BE30-8CED783FEE45}.Debug|Any CPU.ActiveCfg = Debug|Any CPU
		{E7BC09C2-2497-4EE9-BE30-8CED783FEE45}.Debug|Any CPU.Build.0 = Debug|Any CPU
		{E7BC09C2-2497-4EE9-BE30-8CED783FEE45}.Debug|x86.ActiveCfg = Debug|Any CPU
		{E7BC09C2-2497-4EE9-BE30-8CED783FEE45}.Debug|x86.Build.0 = Debug|Any CPU
		{E7BC09C2-2497-4EE9-BE30-8CED783FEE45}.Release|Any CPU.ActiveCfg = Release|Any CPU
		{E7BC09C2-2497-4EE9-BE30-8CED783FEE45}.Release|Any CPU.Build.0 = Release|Any CPU
		{E7BC09C2-2497-4EE9-BE30-8CED783FEE45}.Release|x86.ActiveCfg = Release|Any CPU
		{E7BC09C2-2497-4EE9-BE30-8CED783FEE45}.Release|x86.Build.0 = Release|Any CPU
		{9686008E-B373-4C4E-A8A7-02BC86EB317E}.Debug|Any CPU.ActiveCfg = Debug|Any CPU
		{9686008E-B373-4C4E-A8A7-02BC86EB317E}.Debug|Any CPU.Build.0 = Debug|Any CPU
		{9686008E-B373-4C4E-A8A7-02BC86EB317E}.Debug|x86.ActiveCfg = Debug|Any CPU
		{9686008E-B373-4C4E-A8A7-02BC86EB317E}.Debug|x86.Build.0 = Debug|Any CPU
		{9686008E-B373-4C4E-A8A7-02BC86EB317E}.Release|Any CPU.ActiveCfg = Release|Any CPU
		{9686008E-B373-4C4E-A8A7-02BC86EB317E}.Release|Any CPU.Build.0 = Release|Any CPU
		{9686008E-B373-4C4E-A8A7-02BC86EB317E}.Release|x86.ActiveCfg = Release|Any CPU
		{9686008E-B373-4C4E-A8A7-02BC86EB317E}.Release|x86.Build.0 = Release|Any CPU
		{0EA6E0C3-89FB-4F5A-850C-E6C915308340}.Debug|Any CPU.ActiveCfg = Debug|Any CPU
		{0EA6E0C3-89FB-4F5A-850C-E6C915308340}.Debug|Any CPU.Build.0 = Debug|Any CPU
		{0EA6E0C3-89FB-4F5A-850C-E6C915308340}.Debug|x86.ActiveCfg = Debug|Any CPU
		{0EA6E0C3-89FB-4F5A-850C-E6C915308340}.Debug|x86.Build.0 = Debug|Any CPU
		{0EA6E0C3-89FB-4F5A-850C-E6C915308340}.Release|Any CPU.ActiveCfg = Release|Any CPU
		{0EA6E0C3-89FB-4F5A-850C-E6C915308340}.Release|Any CPU.Build.0 = Release|Any CPU
		{0EA6E0C3-89FB-4F5A-850C-E6C915308340}.Release|x86.ActiveCfg = Release|Any CPU
		{0EA6E0C3-89FB-4F5A-850C-E6C915308340}.Release|x86.Build.0 = Release|Any CPU
		{4334BAC5-F7FC-4B30-A37E-2476969D7CCB}.Debug|Any CPU.ActiveCfg = Debug|Any CPU
		{4334BAC5-F7FC-4B30-A37E-2476969D7CCB}.Debug|Any CPU.Build.0 = Debug|Any CPU
		{4334BAC5-F7FC-4B30-A37E-2476969D7CCB}.Debug|x86.ActiveCfg = Debug|Any CPU
		{4334BAC5-F7FC-4B30-A37E-2476969D7CCB}.Debug|x86.Build.0 = Debug|Any CPU
		{4334BAC5-F7FC-4B30-A37E-2476969D7CCB}.Release|Any CPU.ActiveCfg = Release|Any CPU
		{4334BAC5-F7FC-4B30-A37E-2476969D7CCB}.Release|Any CPU.Build.0 = Release|Any CPU
		{4334BAC5-F7FC-4B30-A37E-2476969D7CCB}.Release|x86.ActiveCfg = Release|Any CPU
		{4334BAC5-F7FC-4B30-A37E-2476969D7CCB}.Release|x86.Build.0 = Release|Any CPU
		{1DE07CF7-C04B-4992-B92C-7744C4188D44}.Debug|Any CPU.ActiveCfg = Debug|Any CPU
		{1DE07CF7-C04B-4992-B92C-7744C4188D44}.Debug|Any CPU.Build.0 = Debug|Any CPU
		{1DE07CF7-C04B-4992-B92C-7744C4188D44}.Debug|x86.ActiveCfg = Debug|Any CPU
		{1DE07CF7-C04B-4992-B92C-7744C4188D44}.Debug|x86.Build.0 = Debug|Any CPU
		{1DE07CF7-C04B-4992-B92C-7744C4188D44}.Release|Any CPU.ActiveCfg = Release|Any CPU
		{1DE07CF7-C04B-4992-B92C-7744C4188D44}.Release|Any CPU.Build.0 = Release|Any CPU
		{1DE07CF7-C04B-4992-B92C-7744C4188D44}.Release|x86.ActiveCfg = Release|Any CPU
		{1DE07CF7-C04B-4992-B92C-7744C4188D44}.Release|x86.Build.0 = Release|Any CPU
		{1F5E95CE-FB4A-4514-A06E-66D760065C5B}.Debug|Any CPU.ActiveCfg = Debug|Any CPU
		{1F5E95CE-FB4A-4514-A06E-66D760065C5B}.Debug|Any CPU.Build.0 = Debug|Any CPU
		{1F5E95CE-FB4A-4514-A06E-66D760065C5B}.Debug|x86.ActiveCfg = Debug|Any CPU
		{1F5E95CE-FB4A-4514-A06E-66D760065C5B}.Debug|x86.Build.0 = Debug|Any CPU
		{1F5E95CE-FB4A-4514-A06E-66D760065C5B}.Release|Any CPU.ActiveCfg = Release|Any CPU
		{1F5E95CE-FB4A-4514-A06E-66D760065C5B}.Release|Any CPU.Build.0 = Release|Any CPU
		{1F5E95CE-FB4A-4514-A06E-66D760065C5B}.Release|x86.ActiveCfg = Release|Any CPU
		{1F5E95CE-FB4A-4514-A06E-66D760065C5B}.Release|x86.Build.0 = Release|Any CPU
	EndGlobalSection
	GlobalSection(SolutionProperties) = preSolution
		HideSolutionNode = FALSE
	EndGlobalSection
	GlobalSection(ExtensibilityGlobals) = postSolution
		SolutionGuid = {FAFEA0E4-0AB8-435A-9BD3-E9704FB5A2E9}
	EndGlobalSection
EndGlobal
